
Microsoft Visual Studio Solution File, Format Version 12.00
Project("{FAE04EC0-301F-11D3-BF4B-00C04F79EFBC}") = "AdVision.Domain", "src\AdVision.Domain\AdVision.Domain.csproj", "{2FA14FF1-C526-4A0C-969A-2B59F4A4F20E}"
EndProject
Project("{FAE04EC0-301F-11D3-BF4B-00C04F79EFBC}") = "AdVision.Application", "src\AdVision.Application\AdVision.Application.csproj", "{4EBDA695-A5F1-40E8-BFC5-2852D9CC0CCC}"
EndProject
Project("{FAE04EC0-301F-11D3-BF4B-00C04F79EFBC}") = "AdVision.Infrastructure", "src\AdVision.Infrastructure\AdVision.Infrastructure.csproj", "{9184EAF0-6F3D-46DD-9C3C-8C7382CAB43C}"
EndProject
Project("{FAE04EC0-301F-11D3-BF4B-00C04F79EFBC}") = "AdVision.Contracts", "src\AdVision.Contracts\AdVision.Contracts.csproj", "{3F4C52BB-23D1-4DC3-A181-7AD1C85F9D54}"
EndProject
Project("{FAE04EC0-301F-11D3-BF4B-00C04F79EFBC}") = "AdVision.Presentation", "src\AdVision.Presentation\AdVision.Presentation.csproj", "{FFDD7448-7A54-4DD5-90ED-59033E654DF7}"
EndProject
Project("{2150E333-8FDC-42A3-9474-1A3956D46DE8}") = "src", "src", "{4637BFA7-4995-4800-8223-91F31229E8AA}"
EndProject
Global
	GlobalSection(SolutionConfigurationPlatforms) = preSolution
		Debug|Any CPU = Debug|Any CPU
		Release|Any CPU = Release|Any CPU
	EndGlobalSection
	GlobalSection(ProjectConfigurationPlatforms) = postSolution
		{2FA14FF1-C526-4A0C-969A-2B59F4A4F20E}.Debug|Any CPU.ActiveCfg = Debug|Any CPU
		{2FA14FF1-C526-4A0C-969A-2B59F4A4F20E}.Debug|Any CPU.Build.0 = Debug|Any CPU
		{2FA14FF1-C526-4A0C-969A-2B59F4A4F20E}.Release|Any CPU.ActiveCfg = Release|Any CPU
		{2FA14FF1-C526-4A0C-969A-2B59F4A4F20E}.Release|Any CPU.Build.0 = Release|Any CPU
		{4EBDA695-A5F1-40E8-BFC5-2852D9CC0CCC}.Debug|Any CPU.ActiveCfg = Debug|Any CPU
		{4EBDA695-A5F1-40E8-BFC5-2852D9CC0CCC}.Debug|Any CPU.Build.0 = Debug|Any CPU
		{4EBDA695-A5F1-40E8-BFC5-2852D9CC0CCC}.Release|Any CPU.ActiveCfg = Release|Any CPU
		{4EBDA695-A5F1-40E8-BFC5-2852D9CC0CCC}.Release|Any CPU.Build.0 = Release|Any CPU
		{9184EAF0-6F3D-46DD-9C3C-8C7382CAB43C}.Debug|Any CPU.ActiveCfg = Debug|Any CPU
		{9184EAF0-6F3D-46DD-9C3C-8C7382CAB43C}.Debug|Any CPU.Build.0 = Debug|Any CPU
		{9184EAF0-6F3D-46DD-9C3C-8C7382CAB43C}.Release|Any CPU.ActiveCfg = Release|Any CPU
		{9184EAF0-6F3D-46DD-9C3C-8C7382CAB43C}.Release|Any CPU.Build.0 = Release|Any CPU
		{3F4C52BB-23D1-4DC3-A181-7AD1C85F9D54}.Debug|Any CPU.ActiveCfg = Debug|Any CPU
		{3F4C52BB-23D1-4DC3-A181-7AD1C85F9D54}.Debug|Any CPU.Build.0 = Debug|Any CPU
		{3F4C52BB-23D1-4DC3-A181-7AD1C85F9D54}.Release|Any CPU.ActiveCfg = Release|Any CPU
		{3F4C52BB-23D1-4DC3-A181-7AD1C85F9D54}.Release|Any CPU.Build.0 = Release|Any CPU
		{FFDD7448-7A54-4DD5-90ED-59033E654DF7}.Debug|Any CPU.ActiveCfg = Debug|Any CPU
		{FFDD7448-7A54-4DD5-90ED-59033E654DF7}.Debug|Any CPU.Build.0 = Debug|Any CPU
		{FFDD7448-7A54-4DD5-90ED-59033E654DF7}.Release|Any CPU.ActiveCfg = Release|Any CPU
		{FFDD7448-7A54-4DD5-90ED-59033E654DF7}.Release|Any CPU.Build.0 = Release|Any CPU
	EndGlobalSection
	GlobalSection(NestedProjects) = preSolution
		{4EBDA695-A5F1-40E8-BFC5-2852D9CC0CCC} = {4637BFA7-4995-4800-8223-91F31229E8AA}
		{3F4C52BB-23D1-4DC3-A181-7AD1C85F9D54} = {4637BFA7-4995-4800-8223-91F31229E8AA}
		{2FA14FF1-C526-4A0C-969A-2B59F4A4F20E} = {4637BFA7-4995-4800-8223-91F31229E8AA}
		{9184EAF0-6F3D-46DD-9C3C-8C7382CAB43C} = {4637BFA7-4995-4800-8223-91F31229E8AA}
		{FFDD7448-7A54-4DD5-90ED-59033E654DF7} = {4637BFA7-4995-4800-8223-91F31229E8AA}
	EndGlobalSection
EndGlobal
